
Microsoft Visual Studio Solution File, Format Version 12.00
# Visual Studio Version 17
VisualStudioVersion = 17.7.34031.279
MinimumVisualStudioVersion = 10.0.40219.1
Project("{FAE04EC0-301F-11D3-BF4B-00C04F79EFBC}") = "AutoMapProject", "AutoMapProject.csproj", "{8E0599F1-A3CB-4D1C-89C2-A9D9153C90D6}"
EndProject
Global
	GlobalSection(SolutionConfigurationPlatforms) = preSolution
		Debug|Any CPU = Debug|Any CPU
		Release|Any CPU = Release|Any CPU
	EndGlobalSection
	GlobalSection(ProjectConfigurationPlatforms) = postSolution
		{8E0599F1-A3CB-4D1C-89C2-A9D9153C90D6}.Debug|Any CPU.ActiveCfg = Debug|Any CPU
		{8E0599F1-A3CB-4D1C-89C2-A9D9153C90D6}.Debug|Any CPU.Build.0 = Debug|Any CPU
		{8E0599F1-A3CB-4D1C-89C2-A9D9153C90D6}.Release|Any CPU.ActiveCfg = Release|Any CPU
		{8E0599F1-A3CB-4D1C-89C2-A9D9153C90D6}.Release|Any CPU.Build.0 = Release|Any CPU
	EndGlobalSection
	GlobalSection(SolutionProperties) = preSolution
		HideSolutionNode = FALSE
	EndGlobalSection
	GlobalSection(ExtensibilityGlobals) = postSolution
		SolutionGuid = {369D8330-7E4A-4D94-BA6D-D320137BDA60}
	EndGlobalSection
EndGlobal
